// !$*UTF8*$!
{
	archiveVersion = 1;
	classes = {
	};
	objectVersion = 46;
	objects = {

/* Begin PBXBuildFile section */
		261222F01A28C06000E857AA /* DescriptionTextView.swift in Sources */ = {isa = PBXBuildFile; fileRef = 261222EF1A28C06000E857AA /* DescriptionTextView.swift */; };
		262E75C41A22E420008487C0 /* Async.swift in Sources */ = {isa = PBXBuildFile; fileRef = 262E75C31A22E420008487C0 /* Async.swift */; };
		262E75C61A22E844008487C0 /* CoreData.framework in Frameworks */ = {isa = PBXBuildFile; fileRef = 262E75C51A22E844008487C0 /* CoreData.framework */; };
		262E75CE1A22F01D008487C0 /* Reachability.m in Sources */ = {isa = PBXBuildFile; fileRef = 262E75CD1A22F01D008487C0 /* Reachability.m */; };
		2631DB7F194BFF500025DCF5 /* AppDelegate.swift in Sources */ = {isa = PBXBuildFile; fileRef = 2631DB7E194BFF500025DCF5 /* AppDelegate.swift */; };
		2631DB86194BFF500025DCF5 /* Main.storyboard in Resources */ = {isa = PBXBuildFile; fileRef = 2631DB84194BFF500025DCF5 /* Main.storyboard */; };
		2631DB94194BFF500025DCF5 /* BarbackSwiftTests.swift in Sources */ = {isa = PBXBuildFile; fileRef = 2631DB93194BFF500025DCF5 /* BarbackSwiftTests.swift */; };
		2631DBA6194C01C40025DCF5 /* Recipe.swift in Sources */ = {isa = PBXBuildFile; fileRef = 2631DBA5194C01C40025DCF5 /* Recipe.swift */; };
		2631DBA8194C02190025DCF5 /* FullRecipeListViewController.swift in Sources */ = {isa = PBXBuildFile; fileRef = 2631DBA7194C02190025DCF5 /* FullRecipeListViewController.swift */; };
		2631DBAA194C022A0025DCF5 /* SearchRecipeListViewController.swift in Sources */ = {isa = PBXBuildFile; fileRef = 2631DBA9194C022A0025DCF5 /* SearchRecipeListViewController.swift */; };
		2631DBAC194C02460025DCF5 /* FavoriteRecipeListViewController.swift in Sources */ = {isa = PBXBuildFile; fileRef = 2631DBAB194C02460025DCF5 /* FavoriteRecipeListViewController.swift */; };
		2631DBAE194C0EB80025DCF5 /* Ingredient.swift in Sources */ = {isa = PBXBuildFile; fileRef = 2631DBAD194C0EB80025DCF5 /* Ingredient.swift */; };
		2641EF2E1A1C500F0055291E /* DescriptionLabel.swift in Sources */ = {isa = PBXBuildFile; fileRef = 2641EF2D1A1C500F0055291E /* DescriptionLabel.swift */; };
		2641EF301A1C52F00055291E /* HeaderLabel.swift in Sources */ = {isa = PBXBuildFile; fileRef = 2641EF2F1A1C52F00055291E /* HeaderLabel.swift */; };
		2641EF341A1C57450055291E /* EmptyStateLabel.swift in Sources */ = {isa = PBXBuildFile; fileRef = 2641EF331A1C57450055291E /* EmptyStateLabel.swift */; };
		265313471A1B274700B2A686 /* RecipeCell.swift in Sources */ = {isa = PBXBuildFile; fileRef = 265313461A1B274700B2A686 /* RecipeCell.swift */; };
		265313491A1B2A4300B2A686 /* StyledCell.swift in Sources */ = {isa = PBXBuildFile; fileRef = 265313481A1B2A4300B2A686 /* StyledCell.swift */; };
		26747A1E1A102A5B00313F04 /* Bolts.framework in Frameworks */ = {isa = PBXBuildFile; fileRef = 26747A1C1A102A5B00313F04 /* Bolts.framework */; };
		26747A1F1A102A5B00313F04 /* Parse.framework in Frameworks */ = {isa = PBXBuildFile; fileRef = 26747A1D1A102A5B00313F04 /* Parse.framework */; };
		26747A211A102A6F00313F04 /* MobileAppTracker.framework in Frameworks */ = {isa = PBXBuildFile; fileRef = 26747A201A102A6F00313F04 /* MobileAppTracker.framework */; };
		26747A231A102AF400313F04 /* StoredObject.swift in Sources */ = {isa = PBXBuildFile; fileRef = 26747A221A102AF400313F04 /* StoredObject.swift */; };
		26747A311A102B1E00313F04 /* CoreDataExtensions.swift in Sources */ = {isa = PBXBuildFile; fileRef = 26747A251A102B1E00313F04 /* CoreDataExtensions.swift */; };
		26747A321A102B1E00313F04 /* CoreDataHelper.swift in Sources */ = {isa = PBXBuildFile; fileRef = 26747A261A102B1E00313F04 /* CoreDataHelper.swift */; };
		26747A331A102B1E00313F04 /* CoreDataStore.swift in Sources */ = {isa = PBXBuildFile; fileRef = 26747A271A102B1E00313F04 /* CoreDataStore.swift */; };
		26747A351A102B1E00313F04 /* LaunchScreen.storyboard in Resources */ = {isa = PBXBuildFile; fileRef = 26747A291A102B1E00313F04 /* LaunchScreen.storyboard */; };
		26747A361A102B1E00313F04 /* Models.xcdatamodeld in Sources */ = {isa = PBXBuildFile; fileRef = 26747A2A1A102B1E00313F04 /* Models.xcdatamodeld */; };
		26747A371A102B1E00313F04 /* ParseExtensions.swift in Sources */ = {isa = PBXBuildFile; fileRef = 26747A2C1A102B1E00313F04 /* ParseExtensions.swift */; };
		26747A3A1A102B1E00313F04 /* UIImageExtension.swift in Sources */ = {isa = PBXBuildFile; fileRef = 26747A2F1A102B1E00313F04 /* UIImageExtension.swift */; };
		26747A3C1A102C5200313F04 /* AdSupport.framework in Frameworks */ = {isa = PBXBuildFile; fileRef = 26747A3B1A102C5200313F04 /* AdSupport.framework */; };
		26747A3E1A102C5700313F04 /* CoreTelephony.framework in Frameworks */ = {isa = PBXBuildFile; fileRef = 26747A3D1A102C5700313F04 /* CoreTelephony.framework */; };
		26747A401A102C5D00313F04 /* iAd.framework in Frameworks */ = {isa = PBXBuildFile; fileRef = 26747A3F1A102C5D00313F04 /* iAd.framework */; };
		26747A421A102C6400313F04 /* MobileCoreServices.framework in Frameworks */ = {isa = PBXBuildFile; fileRef = 26747A411A102C6400313F04 /* MobileCoreServices.framework */; };
		26747A441A102C6A00313F04 /* SystemConfiguration.framework in Frameworks */ = {isa = PBXBuildFile; fileRef = 26747A431A102C6A00313F04 /* SystemConfiguration.framework */; };
		26747A471A105EF800313F04 /* BezierButton.swift in Sources */ = {isa = PBXBuildFile; fileRef = 26747A461A105EF800313F04 /* BezierButton.swift */; };
		26747A4B1A10666D00313F04 /* UIBezierPathExtension.swift in Sources */ = {isa = PBXBuildFile; fileRef = 26747A4A1A10666D00313F04 /* UIBezierPathExtension.swift */; };
		267D02091A1DA63500E7786C /* ScrollView.swift in Sources */ = {isa = PBXBuildFile; fileRef = 267D02081A1DA63500E7786C /* ScrollView.swift */; };
		268BA1821A244A91005CBD10 /* SyncUtilities.swift in Sources */ = {isa = PBXBuildFile; fileRef = 268BA1811A244A91005CBD10 /* SyncUtilities.swift */; };
		268BA1851A244B75005CBD10 /* PreferencesUtilities.swift in Sources */ = {isa = PBXBuildFile; fileRef = 268BA1841A244B75005CBD10 /* PreferencesUtilities.swift */; };
		26A1203F1A2C3C000044F61D /* ../../../../../../Downloads/markdown-master/src/MarkdownTokenizer.m in Sources */ = {isa = PBXBuildFile; fileRef = 26A120391A2C3C000044F61D /* ../../../../../../Downloads/markdown-master/src/MarkdownTokenizer.m */; };
		26A120401A2C3C000044F61D /* ../../../../../../Downloads/markdown-master/src/MarkdownTokens.m in Sources */ = {isa = PBXBuildFile; fileRef = 26A1203B1A2C3C000044F61D /* ../../../../../../Downloads/markdown-master/src/MarkdownTokens.m */; };
		26A120411A2C3C000044F61D /* ../../../../../../Downloads/markdown-master/src/NSAttributedStringMarkdownParser.m in Sources */ = {isa = PBXBuildFile; fileRef = 26A1203E1A2C3C000044F61D /* ../../../../../../Downloads/markdown-master/src/NSAttributedStringMarkdownParser.m */; };
		26A120451A2C3C620044F61D /* fmemopen.c in Sources */ = {isa = PBXBuildFile; fileRef = 26A120421A2C3C620044F61D /* fmemopen.c */; };
		26AAB726194D11DC00AF126B /* UIColorExtension.swift in Sources */ = {isa = PBXBuildFile; fileRef = 26AAB725194D11DC00AF126B /* UIColorExtension.swift */; };
		26AAB728194D1C5E00AF126B /* UIFontExtension.swift in Sources */ = {isa = PBXBuildFile; fileRef = 26AAB727194D1C5E00AF126B /* UIFontExtension.swift */; };
		26AAB73E194ED3A400AF126B /* Settings.bundle in Resources */ = {isa = PBXBuildFile; fileRef = 26AAB73D194ED3A400AF126B /* Settings.bundle */; };
		26AAB740195010AC00AF126B /* Images.xcassets in Resources */ = {isa = PBXBuildFile; fileRef = 26AAB73F195010AC00AF126B /* Images.xcassets */; };
		26AAB7421953FEA200AF126B /* ShoppingListViewController.swift in Sources */ = {isa = PBXBuildFile; fileRef = 26AAB7411953FEA200AF126B /* ShoppingListViewController.swift */; };
		26BC5DA81A19741300D538AB /* CoreGraphics.framework in Frameworks */ = {isa = PBXBuildFile; fileRef = 26BC5DA71A19741300D538AB /* CoreGraphics.framework */; };
		26D07363194C300900AD1492 /* RecipeDetailViewController.swift in Sources */ = {isa = PBXBuildFile; fileRef = 26D07362194C300900AD1492 /* RecipeDetailViewController.swift */; };
		26DBD6071A2D6FB0006C49F9 /* iPad.storyboard in Resources */ = {isa = PBXBuildFile; fileRef = 26DBD6061A2D6FB0006C49F9 /* iPad.storyboard */; };
		26F415351A10744300D1F19A /* PrivateKeys.plist in Resources */ = {isa = PBXBuildFile; fileRef = 26F415341A10744300D1F19A /* PrivateKeys.plist */; };
		26FBA4691A1DB0910082FBEC /* AudioToolbox.framework in Frameworks */ = {isa = PBXBuildFile; fileRef = 26FBA4681A1DB0910082FBEC /* AudioToolbox.framework */; };
		26FBA46B1A1DB0CD0082FBEC /* CFNetwork.framework in Frameworks */ = {isa = PBXBuildFile; fileRef = 26FBA46A1A1DB0CD0082FBEC /* CFNetwork.framework */; };
		26FBA46D1A1DB0D30082FBEC /* StoreKit.framework in Frameworks */ = {isa = PBXBuildFile; fileRef = 26FBA46C1A1DB0D30082FBEC /* StoreKit.framework */; settings = {ATTRIBUTES = (Weak, ); }; };
		26FBA46F1A1DB1240082FBEC /* QuartzCore.framework in Frameworks */ = {isa = PBXBuildFile; fileRef = 26FBA46E1A1DB1240082FBEC /* QuartzCore.framework */; };
		26FBA4711A1DB12A0082FBEC /* Accelerate.framework in Frameworks */ = {isa = PBXBuildFile; fileRef = 26FBA4701A1DB12A0082FBEC /* Accelerate.framework */; };
		5CBBF554812745BF8EE30851 /* libPods.a in Frameworks */ = {isa = PBXBuildFile; fileRef = 637761BCE5174C65922C617F /* libPods.a */; };
		655B44CB19C1434500A1351F /* RecipeListViewController.swift in Sources */ = {isa = PBXBuildFile; fileRef = 655B44CA19C1434500A1351F /* RecipeListViewController.swift */; };
		65B129C119C146C500F5B8C4 /* Brand.swift in Sources */ = {isa = PBXBuildFile; fileRef = 65B129BE19C146C500F5B8C4 /* Brand.swift */; };
		65B129C219C146C500F5B8C4 /* IngredientBase.swift in Sources */ = {isa = PBXBuildFile; fileRef = 65B129BF19C146C500F5B8C4 /* IngredientBase.swift */; };
		65B129C319C146C500F5B8C4 /* IngredientType.swift in Sources */ = {isa = PBXBuildFile; fileRef = 65B129C019C146C500F5B8C4 /* IngredientType.swift */; };
		65B129C719C146CE00F5B8C4 /* UIViewControllerExtension.swift in Sources */ = {isa = PBXBuildFile; fileRef = 65B129C519C146CE00F5B8C4 /* UIViewControllerExtension.swift */; };
		65B129CB19C1470B00F5B8C4 /* IngredientDetailViewController.swift in Sources */ = {isa = PBXBuildFile; fileRef = 65B129CA19C1470B00F5B8C4 /* IngredientDetailViewController.swift */; };
		7AE88F2B725354AAA1F94ABC /* libPods.a in Frameworks */ = {isa = PBXBuildFile; fileRef = 637761BCE5174C65922C617F /* libPods.a */; };
/* End PBXBuildFile section */

/* Begin PBXFileReference section */
		261222EF1A28C06000E857AA /* DescriptionTextView.swift */ = {isa = PBXFileReference; fileEncoding = 4; lastKnownFileType = sourcecode.swift; path = DescriptionTextView.swift; sourceTree = "<group>"; };
		2623FBA71A293C8B0023E862 /* v2.3.xcdatamodel */ = {isa = PBXFileReference; lastKnownFileType = wrapper.xcdatamodel; path = v2.3.xcdatamodel; sourceTree = "<group>"; };
		2623FBA81A293CA60023E862 /* v2.4.xcdatamodel */ = {isa = PBXFileReference; lastKnownFileType = wrapper.xcdatamodel; path = v2.4.xcdatamodel; sourceTree = "<group>"; };
		2623FBA91A2941640023E862 /* v2.2.xcdatamodel */ = {isa = PBXFileReference; lastKnownFileType = wrapper.xcdatamodel; path = v2.2.xcdatamodel; sourceTree = "<group>"; };
		262E75C31A22E420008487C0 /* Async.swift */ = {isa = PBXFileReference; fileEncoding = 4; lastKnownFileType = sourcecode.swift; path = Async.swift; sourceTree = "<group>"; };
		262E75C51A22E844008487C0 /* CoreData.framework */ = {isa = PBXFileReference; lastKnownFileType = wrapper.framework; name = CoreData.framework; path = System/Library/Frameworks/CoreData.framework; sourceTree = SDKROOT; };
		262E75CC1A22F01D008487C0 /* Reachability.h */ = {isa = PBXFileReference; fileEncoding = 4; lastKnownFileType = sourcecode.c.h; name = Reachability.h; path = "../../../../../Downloads/Reachability 3/Reachability/Reachability.h"; sourceTree = "<group>"; };
		262E75CD1A22F01D008487C0 /* Reachability.m */ = {isa = PBXFileReference; fileEncoding = 4; lastKnownFileType = sourcecode.c.objc; name = Reachability.m; path = "../../../../../Downloads/Reachability 3/Reachability/Reachability.m"; sourceTree = "<group>"; };
		2631DB79194BFF500025DCF5 /* Barback.app */ = {isa = PBXFileReference; explicitFileType = wrapper.application; includeInIndex = 0; path = Barback.app; sourceTree = BUILT_PRODUCTS_DIR; };
		2631DB7D194BFF500025DCF5 /* Info.plist */ = {isa = PBXFileReference; lastKnownFileType = text.plist.xml; path = Info.plist; sourceTree = "<group>"; };
		2631DB7E194BFF500025DCF5 /* AppDelegate.swift */ = {isa = PBXFileReference; lastKnownFileType = sourcecode.swift; path = AppDelegate.swift; sourceTree = "<group>"; };
		2631DB85194BFF500025DCF5 /* Base */ = {isa = PBXFileReference; lastKnownFileType = file.storyboard; name = Base; path = Base.lproj/Main.storyboard; sourceTree = "<group>"; };
		2631DB8D194BFF500025DCF5 /* BarbackTests.xctest */ = {isa = PBXFileReference; explicitFileType = wrapper.cfbundle; includeInIndex = 0; path = BarbackTests.xctest; sourceTree = BUILT_PRODUCTS_DIR; };
		2631DB92194BFF500025DCF5 /* Info.plist */ = {isa = PBXFileReference; lastKnownFileType = text.plist.xml; path = Info.plist; sourceTree = "<group>"; };
		2631DB93194BFF500025DCF5 /* BarbackSwiftTests.swift */ = {isa = PBXFileReference; lastKnownFileType = sourcecode.swift; path = BarbackSwiftTests.swift; sourceTree = "<group>"; };
		2631DBA5194C01C40025DCF5 /* Recipe.swift */ = {isa = PBXFileReference; fileEncoding = 4; lastKnownFileType = sourcecode.swift; path = Recipe.swift; sourceTree = "<group>"; };
		2631DBA7194C02190025DCF5 /* FullRecipeListViewController.swift */ = {isa = PBXFileReference; fileEncoding = 4; lastKnownFileType = sourcecode.swift; path = FullRecipeListViewController.swift; sourceTree = "<group>"; };
		2631DBA9194C022A0025DCF5 /* SearchRecipeListViewController.swift */ = {isa = PBXFileReference; fileEncoding = 4; lastKnownFileType = sourcecode.swift; path = SearchRecipeListViewController.swift; sourceTree = "<group>"; };
		2631DBAB194C02460025DCF5 /* FavoriteRecipeListViewController.swift */ = {isa = PBXFileReference; fileEncoding = 4; lastKnownFileType = sourcecode.swift; path = FavoriteRecipeListViewController.swift; sourceTree = "<group>"; };
		2631DBAD194C0EB80025DCF5 /* Ingredient.swift */ = {isa = PBXFileReference; fileEncoding = 4; lastKnownFileType = sourcecode.swift; path = Ingredient.swift; sourceTree = "<group>"; };
		2641EF2D1A1C500F0055291E /* DescriptionLabel.swift */ = {isa = PBXFileReference; fileEncoding = 4; lastKnownFileType = sourcecode.swift; path = DescriptionLabel.swift; sourceTree = "<group>"; };
		2641EF2F1A1C52F00055291E /* HeaderLabel.swift */ = {isa = PBXFileReference; fileEncoding = 4; lastKnownFileType = sourcecode.swift; path = HeaderLabel.swift; sourceTree = "<group>"; };
		2641EF331A1C57450055291E /* EmptyStateLabel.swift */ = {isa = PBXFileReference; fileEncoding = 4; lastKnownFileType = sourcecode.swift; path = EmptyStateLabel.swift; sourceTree = "<group>"; };
		265313461A1B274700B2A686 /* RecipeCell.swift */ = {isa = PBXFileReference; fileEncoding = 4; lastKnownFileType = sourcecode.swift; path = RecipeCell.swift; sourceTree = "<group>"; };
		265313481A1B2A4300B2A686 /* StyledCell.swift */ = {isa = PBXFileReference; fileEncoding = 4; lastKnownFileType = sourcecode.swift; path = StyledCell.swift; sourceTree = "<group>"; };
		26747A1C1A102A5B00313F04 /* Bolts.framework */ = {isa = PBXFileReference; lastKnownFileType = wrapper.framework; name = Bolts.framework; path = "../../../Downloads/parse-library-1.4.2/Bolts.framework"; sourceTree = "<group>"; };
		26747A1D1A102A5B00313F04 /* Parse.framework */ = {isa = PBXFileReference; lastKnownFileType = wrapper.framework; name = Parse.framework; path = "../../../Downloads/parse-library-1.4.2/Parse.framework"; sourceTree = "<group>"; };
		26747A201A102A6F00313F04 /* MobileAppTracker.framework */ = {isa = PBXFileReference; lastKnownFileType = wrapper.framework; name = MobileAppTracker.framework; path = "../../../Downloads/MobileAppTracking-ios/MobileAppTracker.framework"; sourceTree = "<group>"; };
		26747A221A102AF400313F04 /* StoredObject.swift */ = {isa = PBXFileReference; fileEncoding = 4; lastKnownFileType = sourcecode.swift; path = StoredObject.swift; sourceTree = "<group>"; };
		26747A251A102B1E00313F04 /* CoreDataExtensions.swift */ = {isa = PBXFileReference; fileEncoding = 4; lastKnownFileType = sourcecode.swift; path = CoreDataExtensions.swift; sourceTree = "<group>"; };
		26747A261A102B1E00313F04 /* CoreDataHelper.swift */ = {isa = PBXFileReference; fileEncoding = 4; lastKnownFileType = sourcecode.swift; path = CoreDataHelper.swift; sourceTree = "<group>"; };
		26747A271A102B1E00313F04 /* CoreDataStore.swift */ = {isa = PBXFileReference; fileEncoding = 4; lastKnownFileType = sourcecode.swift; path = CoreDataStore.swift; sourceTree = "<group>"; };
		26747A291A102B1E00313F04 /* LaunchScreen.storyboard */ = {isa = PBXFileReference; fileEncoding = 4; lastKnownFileType = file.storyboard; path = LaunchScreen.storyboard; sourceTree = "<group>"; };
		26747A2B1A102B1E00313F04 /* Models.xcdatamodel */ = {isa = PBXFileReference; lastKnownFileType = wrapper.xcdatamodel; path = Models.xcdatamodel; sourceTree = "<group>"; };
		26747A2C1A102B1E00313F04 /* ParseExtensions.swift */ = {isa = PBXFileReference; fileEncoding = 4; lastKnownFileType = sourcecode.swift; path = ParseExtensions.swift; sourceTree = "<group>"; };
		26747A2F1A102B1E00313F04 /* UIImageExtension.swift */ = {isa = PBXFileReference; fileEncoding = 4; lastKnownFileType = sourcecode.swift; path = UIImageExtension.swift; sourceTree = "<group>"; };
		26747A3B1A102C5200313F04 /* AdSupport.framework */ = {isa = PBXFileReference; lastKnownFileType = wrapper.framework; name = AdSupport.framework; path = System/Library/Frameworks/AdSupport.framework; sourceTree = SDKROOT; };
		26747A3D1A102C5700313F04 /* CoreTelephony.framework */ = {isa = PBXFileReference; lastKnownFileType = wrapper.framework; name = CoreTelephony.framework; path = System/Library/Frameworks/CoreTelephony.framework; sourceTree = SDKROOT; };
		26747A3F1A102C5D00313F04 /* iAd.framework */ = {isa = PBXFileReference; lastKnownFileType = wrapper.framework; name = iAd.framework; path = System/Library/Frameworks/iAd.framework; sourceTree = SDKROOT; };
		26747A411A102C6400313F04 /* MobileCoreServices.framework */ = {isa = PBXFileReference; lastKnownFileType = wrapper.framework; name = MobileCoreServices.framework; path = System/Library/Frameworks/MobileCoreServices.framework; sourceTree = SDKROOT; };
		26747A431A102C6A00313F04 /* SystemConfiguration.framework */ = {isa = PBXFileReference; lastKnownFileType = wrapper.framework; name = SystemConfiguration.framework; path = System/Library/Frameworks/SystemConfiguration.framework; sourceTree = SDKROOT; };
		26747A461A105EF800313F04 /* BezierButton.swift */ = {isa = PBXFileReference; fileEncoding = 4; lastKnownFileType = sourcecode.swift; lineEnding = 0; path = BezierButton.swift; sourceTree = "<group>"; xcLanguageSpecificationIdentifier = xcode.lang.swift; };
		26747A4A1A10666D00313F04 /* UIBezierPathExtension.swift */ = {isa = PBXFileReference; fileEncoding = 4; lastKnownFileType = sourcecode.swift; path = UIBezierPathExtension.swift; sourceTree = "<group>"; };
		267D02081A1DA63500E7786C /* ScrollView.swift */ = {isa = PBXFileReference; fileEncoding = 4; lastKnownFileType = sourcecode.swift; path = ScrollView.swift; sourceTree = "<group>"; };
		2684097B1A1975EB005BCF9B /* libPods-MBProgressHUD.a */ = {isa = PBXFileReference; lastKnownFileType = archive.ar; name = "libPods-MBProgressHUD.a"; path = "Pods/build/Debug-iphoneos/libPods-MBProgressHUD.a"; sourceTree = "<group>"; };
		268BA1811A244A91005CBD10 /* SyncUtilities.swift */ = {isa = PBXFileReference; fileEncoding = 4; lastKnownFileType = sourcecode.swift; path = SyncUtilities.swift; sourceTree = "<group>"; };
		268BA1841A244B75005CBD10 /* PreferencesUtilities.swift */ = {isa = PBXFileReference; fileEncoding = 4; lastKnownFileType = sourcecode.swift; path = PreferencesUtilities.swift; sourceTree = "<group>"; };
		26A120391A2C3C000044F61D /* ../../../../../../Downloads/markdown-master/src/MarkdownTokenizer.m */ = {isa = PBXFileReference; fileEncoding = 4; lastKnownFileType = sourcecode.c.objc; path = "../../../../../../Downloads/markdown-master/src/MarkdownTokenizer.m"; sourceTree = "<group>"; };
		26A1203A1A2C3C000044F61D /* ../../../../../../Downloads/markdown-master/src/MarkdownTokens.h */ = {isa = PBXFileReference; fileEncoding = 4; lastKnownFileType = sourcecode.c.h; path = "../../../../../../Downloads/markdown-master/src/MarkdownTokens.h"; sourceTree = "<group>"; };
		26A1203B1A2C3C000044F61D /* ../../../../../../Downloads/markdown-master/src/MarkdownTokens.m */ = {isa = PBXFileReference; fileEncoding = 4; lastKnownFileType = sourcecode.c.objc; path = "../../../../../../Downloads/markdown-master/src/MarkdownTokens.m"; sourceTree = "<group>"; };
		26A1203C1A2C3C000044F61D /* ../../../../../../Downloads/markdown-master/src/NimbusMarkdown.h */ = {isa = PBXFileReference; fileEncoding = 4; lastKnownFileType = sourcecode.c.h; path = "../../../../../../Downloads/markdown-master/src/NimbusMarkdown.h"; sourceTree = "<group>"; };
		26A1203D1A2C3C000044F61D /* ../../../../../../Downloads/markdown-master/src/NSAttributedStringMarkdownParser.h */ = {isa = PBXFileReference; fileEncoding = 4; lastKnownFileType = sourcecode.c.h; path = "../../../../../../Downloads/markdown-master/src/NSAttributedStringMarkdownParser.h"; sourceTree = "<group>"; };
		26A1203E1A2C3C000044F61D /* ../../../../../../Downloads/markdown-master/src/NSAttributedStringMarkdownParser.m */ = {isa = PBXFileReference; fileEncoding = 4; lastKnownFileType = sourcecode.c.objc; path = "../../../../../../Downloads/markdown-master/src/NSAttributedStringMarkdownParser.m"; sourceTree = "<group>"; };
		26A120421A2C3C620044F61D /* fmemopen.c */ = {isa = PBXFileReference; fileEncoding = 4; lastKnownFileType = sourcecode.c.c; name = fmemopen.c; path = "../../../../../../Downloads/memorymapping-master/src/fmemopen.c"; sourceTree = "<group>"; };
		26A120431A2C3C620044F61D /* fmemopen.h */ = {isa = PBXFileReference; fileEncoding = 4; lastKnownFileType = sourcecode.c.h; name = fmemopen.h; path = "../../../../../../Downloads/memorymapping-master/src/fmemopen.h"; sourceTree = "<group>"; };
		26A120441A2C3C620044F61D /* NimbusMemoryMapping.h */ = {isa = PBXFileReference; fileEncoding = 4; lastKnownFileType = sourcecode.c.h; name = NimbusMemoryMapping.h; path = "../../../../../../Downloads/memorymapping-master/src/NimbusMemoryMapping.h"; sourceTree = "<group>"; };
		26AAB725194D11DC00AF126B /* UIColorExtension.swift */ = {isa = PBXFileReference; fileEncoding = 4; lastKnownFileType = sourcecode.swift; path = UIColorExtension.swift; sourceTree = "<group>"; };
		26AAB727194D1C5E00AF126B /* UIFontExtension.swift */ = {isa = PBXFileReference; fileEncoding = 4; lastKnownFileType = sourcecode.swift; path = UIFontExtension.swift; sourceTree = "<group>"; };
		26AAB73D194ED3A400AF126B /* Settings.bundle */ = {isa = PBXFileReference; lastKnownFileType = "wrapper.plug-in"; path = Settings.bundle; sourceTree = "<group>"; };
		26AAB73F195010AC00AF126B /* Images.xcassets */ = {isa = PBXFileReference; lastKnownFileType = folder.assetcatalog; path = Images.xcassets; sourceTree = "<group>"; };
		26AAB7411953FEA200AF126B /* ShoppingListViewController.swift */ = {isa = PBXFileReference; fileEncoding = 4; lastKnownFileType = sourcecode.swift; path = ShoppingListViewController.swift; sourceTree = "<group>"; };
		26BC5DA71A19741300D538AB /* CoreGraphics.framework */ = {isa = PBXFileReference; lastKnownFileType = wrapper.framework; name = CoreGraphics.framework; path = System/Library/Frameworks/CoreGraphics.framework; sourceTree = SDKROOT; };
		26D07362194C300900AD1492 /* RecipeDetailViewController.swift */ = {isa = PBXFileReference; fileEncoding = 4; lastKnownFileType = sourcecode.swift; lineEnding = 0; path = RecipeDetailViewController.swift; sourceTree = "<group>"; xcLanguageSpecificationIdentifier = xcode.lang.swift; };
		26DBD6061A2D6FB0006C49F9 /* iPad.storyboard */ = {isa = PBXFileReference; fileEncoding = 4; lastKnownFileType = file.storyboard; path = iPad.storyboard; sourceTree = "<group>"; };
		26F415341A10744300D1F19A /* PrivateKeys.plist */ = {isa = PBXFileReference; fileEncoding = 4; lastKnownFileType = text.plist.xml; path = PrivateKeys.plist; sourceTree = "<group>"; };
		26FBA4681A1DB0910082FBEC /* AudioToolbox.framework */ = {isa = PBXFileReference; lastKnownFileType = wrapper.framework; name = AudioToolbox.framework; path = System/Library/Frameworks/AudioToolbox.framework; sourceTree = SDKROOT; };
		26FBA46A1A1DB0CD0082FBEC /* CFNetwork.framework */ = {isa = PBXFileReference; lastKnownFileType = wrapper.framework; name = CFNetwork.framework; path = System/Library/Frameworks/CFNetwork.framework; sourceTree = SDKROOT; };
		26FBA46C1A1DB0D30082FBEC /* StoreKit.framework */ = {isa = PBXFileReference; lastKnownFileType = wrapper.framework; name = StoreKit.framework; path = System/Library/Frameworks/StoreKit.framework; sourceTree = SDKROOT; };
		26FBA46E1A1DB1240082FBEC /* QuartzCore.framework */ = {isa = PBXFileReference; lastKnownFileType = wrapper.framework; name = QuartzCore.framework; path = System/Library/Frameworks/QuartzCore.framework; sourceTree = SDKROOT; };
		26FBA4701A1DB12A0082FBEC /* Accelerate.framework */ = {isa = PBXFileReference; lastKnownFileType = wrapper.framework; name = Accelerate.framework; path = System/Library/Frameworks/Accelerate.framework; sourceTree = SDKROOT; };
		38A963B7FE36A9DE68E92B48 /* Pods.release.xcconfig */ = {isa = PBXFileReference; includeInIndex = 1; lastKnownFileType = text.xcconfig; name = Pods.release.xcconfig; path = "Pods/Target Support Files/Pods/Pods.release.xcconfig"; sourceTree = "<group>"; };
		637761BCE5174C65922C617F /* libPods.a */ = {isa = PBXFileReference; explicitFileType = archive.ar; includeInIndex = 0; path = libPods.a; sourceTree = BUILT_PRODUCTS_DIR; };
		655B44CA19C1434500A1351F /* RecipeListViewController.swift */ = {isa = PBXFileReference; fileEncoding = 4; lastKnownFileType = sourcecode.swift; path = RecipeListViewController.swift; sourceTree = "<group>"; };
		65B129BE19C146C500F5B8C4 /* Brand.swift */ = {isa = PBXFileReference; fileEncoding = 4; lastKnownFileType = sourcecode.swift; path = Brand.swift; sourceTree = "<group>"; };
		65B129BF19C146C500F5B8C4 /* IngredientBase.swift */ = {isa = PBXFileReference; fileEncoding = 4; lastKnownFileType = sourcecode.swift; path = IngredientBase.swift; sourceTree = "<group>"; };
		65B129C019C146C500F5B8C4 /* IngredientType.swift */ = {isa = PBXFileReference; fileEncoding = 4; lastKnownFileType = sourcecode.swift; path = IngredientType.swift; sourceTree = "<group>"; };
		65B129C519C146CE00F5B8C4 /* UIViewControllerExtension.swift */ = {isa = PBXFileReference; fileEncoding = 4; lastKnownFileType = sourcecode.swift; path = UIViewControllerExtension.swift; sourceTree = "<group>"; };
		65B129CA19C1470B00F5B8C4 /* IngredientDetailViewController.swift */ = {isa = PBXFileReference; fileEncoding = 4; lastKnownFileType = sourcecode.swift; path = IngredientDetailViewController.swift; sourceTree = "<group>"; };
		65B129CC19C14E1300F5B8C4 /* Barback-Bridging-Header.h */ = {isa = PBXFileReference; fileEncoding = 4; lastKnownFileType = sourcecode.c.h; path = "Barback-Bridging-Header.h"; sourceTree = "<group>"; };
/* End PBXFileReference section */

/* Begin PBXFrameworksBuildPhase section */
		2631DB76194BFF500025DCF5 /* Frameworks */ = {
			isa = PBXFrameworksBuildPhase;
			buildActionMask = 2147483647;
			files = (
				262E75C61A22E844008487C0 /* CoreData.framework in Frameworks */,
				26FBA4711A1DB12A0082FBEC /* Accelerate.framework in Frameworks */,
				26FBA46F1A1DB1240082FBEC /* QuartzCore.framework in Frameworks */,
				26FBA46D1A1DB0D30082FBEC /* StoreKit.framework in Frameworks */,
				26FBA46B1A1DB0CD0082FBEC /* CFNetwork.framework in Frameworks */,
				26FBA4691A1DB0910082FBEC /* AudioToolbox.framework in Frameworks */,
				26BC5DA81A19741300D538AB /* CoreGraphics.framework in Frameworks */,
				26747A441A102C6A00313F04 /* SystemConfiguration.framework in Frameworks */,
				26747A421A102C6400313F04 /* MobileCoreServices.framework in Frameworks */,
				26747A401A102C5D00313F04 /* iAd.framework in Frameworks */,
				26747A3E1A102C5700313F04 /* CoreTelephony.framework in Frameworks */,
				26747A3C1A102C5200313F04 /* AdSupport.framework in Frameworks */,
				5CBBF554812745BF8EE30851 /* libPods.a in Frameworks */,
				26747A1F1A102A5B00313F04 /* Parse.framework in Frameworks */,
				26747A1E1A102A5B00313F04 /* Bolts.framework in Frameworks */,
				26747A211A102A6F00313F04 /* MobileAppTracker.framework in Frameworks */,
			);
			runOnlyForDeploymentPostprocessing = 0;
		};
		2631DB8A194BFF500025DCF5 /* Frameworks */ = {
			isa = PBXFrameworksBuildPhase;
			buildActionMask = 2147483647;
			files = (
				7AE88F2B725354AAA1F94ABC /* libPods.a in Frameworks */,
			);
			runOnlyForDeploymentPostprocessing = 0;
		};
/* End PBXFrameworksBuildPhase section */

/* Begin PBXGroup section */
		2631DB70194BFF500025DCF5 = {
			isa = PBXGroup;
			children = (
				26AAB73D194ED3A400AF126B /* Settings.bundle */,
				2631DB7B194BFF500025DCF5 /* Barback */,
				2631DB90194BFF500025DCF5 /* BarbackSwiftTests */,
				2631DB7A194BFF500025DCF5 /* Products */,
				737783D2D7DB48B6BA5AADF3 /* Frameworks */,
				B3110AE61D9F1F0CF12FC12F /* Pods */,
			);
			sourceTree = "<group>";
		};
		2631DB7A194BFF500025DCF5 /* Products */ = {
			isa = PBXGroup;
			children = (
				2631DB79194BFF500025DCF5 /* Barback.app */,
				2631DB8D194BFF500025DCF5 /* BarbackTests.xctest */,
			);
			name = Products;
			sourceTree = "<group>";
		};
		2631DB7B194BFF500025DCF5 /* Barback */ = {
			isa = PBXGroup;
			children = (
				268BA1831A244A9C005CBD10 /* Utilities */,
				65B129CC19C14E1300F5B8C4 /* Barback-Bridging-Header.h */,
				26747A491A1065F600313F04 /* Storyboards */,
				26747A481A1065E500313F04 /* Views */,
				26AAB724194D11C500AF126B /* Extensions */,
				2631DBA4194C01B60025DCF5 /* Models */,
				2631DBA3194C01A60025DCF5 /* Controllers */,
				2631DB7E194BFF500025DCF5 /* AppDelegate.swift */,
				26AAB73F195010AC00AF126B /* Images.xcassets */,
				2631DB7C194BFF500025DCF5 /* Supporting Files */,
				26F415341A10744300D1F19A /* PrivateKeys.plist */,
			);
			path = Barback;
			sourceTree = "<group>";
		};
		2631DB7C194BFF500025DCF5 /* Supporting Files */ = {
			isa = PBXGroup;
			children = (
				2631DB7D194BFF500025DCF5 /* Info.plist */,
			);
			path = "Supporting Files";
			sourceTree = "<group>";
		};
		2631DB90194BFF500025DCF5 /* BarbackSwiftTests */ = {
			isa = PBXGroup;
			children = (
				2631DB93194BFF500025DCF5 /* BarbackSwiftTests.swift */,
				2631DB91194BFF500025DCF5 /* Supporting Files */,
			);
			path = BarbackSwiftTests;
			sourceTree = "<group>";
		};
		2631DB91194BFF500025DCF5 /* Supporting Files */ = {
			isa = PBXGroup;
			children = (
				2631DB92194BFF500025DCF5 /* Info.plist */,
			);
			path = "Supporting Files";
			sourceTree = "<group>";
		};
		2631DBA3194C01A60025DCF5 /* Controllers */ = {
			isa = PBXGroup;
			children = (
				65B129CA19C1470B00F5B8C4 /* IngredientDetailViewController.swift */,
				655B44CA19C1434500A1351F /* RecipeListViewController.swift */,
				2631DBA7194C02190025DCF5 /* FullRecipeListViewController.swift */,
				2631DBA9194C022A0025DCF5 /* SearchRecipeListViewController.swift */,
				2631DBAB194C02460025DCF5 /* FavoriteRecipeListViewController.swift */,
				26D07362194C300900AD1492 /* RecipeDetailViewController.swift */,
				26AAB7411953FEA200AF126B /* ShoppingListViewController.swift */,
			);
			path = Controllers;
			sourceTree = "<group>";
		};
		2631DBA4194C01B60025DCF5 /* Models */ = {
			isa = PBXGroup;
			children = (
				26747A2A1A102B1E00313F04 /* Models.xcdatamodeld */,
				65B129BE19C146C500F5B8C4 /* Brand.swift */,
				26747A221A102AF400313F04 /* StoredObject.swift */,
				65B129BF19C146C500F5B8C4 /* IngredientBase.swift */,
				65B129C019C146C500F5B8C4 /* IngredientType.swift */,
				2631DBA5194C01C40025DCF5 /* Recipe.swift */,
				2631DBAD194C0EB80025DCF5 /* Ingredient.swift */,
			);
			path = Models;
			sourceTree = "<group>";
		};
		2641EF311A1C53AE0055291E /* Labels */ = {
			isa = PBXGroup;
			children = (
				2641EF2D1A1C500F0055291E /* DescriptionLabel.swift */,
				261222EF1A28C06000E857AA /* DescriptionTextView.swift */,
				2641EF2F1A1C52F00055291E /* HeaderLabel.swift */,
				2641EF331A1C57450055291E /* EmptyStateLabel.swift */,
			);
			path = Labels;
			sourceTree = "<group>";
		};
		2641EF321A1C53B60055291E /* Table Cells */ = {
			isa = PBXGroup;
			children = (
				265313461A1B274700B2A686 /* RecipeCell.swift */,
				265313481A1B2A4300B2A686 /* StyledCell.swift */,
			);
			path = "Table Cells";
			sourceTree = "<group>";
		};
		26747A481A1065E500313F04 /* Views */ = {
			isa = PBXGroup;
			children = (
				2641EF321A1C53B60055291E /* Table Cells */,
				2641EF311A1C53AE0055291E /* Labels */,
				26747A461A105EF800313F04 /* BezierButton.swift */,
				267D02081A1DA63500E7786C /* ScrollView.swift */,
			);
			path = Views;
			sourceTree = "<group>";
		};
		26747A491A1065F600313F04 /* Storyboards */ = {
			isa = PBXGroup;
			children = (
				2631DB84194BFF500025DCF5 /* Main.storyboard */,
				26747A291A102B1E00313F04 /* LaunchScreen.storyboard */,
				26DBD6061A2D6FB0006C49F9 /* iPad.storyboard */,
			);
			path = Storyboards;
			sourceTree = "<group>";
		};
		268BA1831A244A9C005CBD10 /* Utilities */ = {
			isa = PBXGroup;
			children = (
				26A120381A2C3C000044F61D /* Markdown */,
				262E75CC1A22F01D008487C0 /* Reachability.h */,
				26747A261A102B1E00313F04 /* CoreDataHelper.swift */,
				26747A271A102B1E00313F04 /* CoreDataStore.swift */,
				262E75CD1A22F01D008487C0 /* Reachability.m */,
				268BA1811A244A91005CBD10 /* SyncUtilities.swift */,
				268BA1841A244B75005CBD10 /* PreferencesUtilities.swift */,
			);
			path = Utilities;
			sourceTree = "<group>";
		};
		26A120381A2C3C000044F61D /* Markdown */ = {
			isa = PBXGroup;
			children = (
				26A120421A2C3C620044F61D /* fmemopen.c */,
				26A120431A2C3C620044F61D /* fmemopen.h */,
				26A120441A2C3C620044F61D /* NimbusMemoryMapping.h */,
				26A120391A2C3C000044F61D /* ../../../../../../Downloads/markdown-master/src/MarkdownTokenizer.m */,
				26A1203A1A2C3C000044F61D /* ../../../../../../Downloads/markdown-master/src/MarkdownTokens.h */,
				26A1203B1A2C3C000044F61D /* ../../../../../../Downloads/markdown-master/src/MarkdownTokens.m */,
				26A1203C1A2C3C000044F61D /* ../../../../../../Downloads/markdown-master/src/NimbusMarkdown.h */,
				26A1203D1A2C3C000044F61D /* ../../../../../../Downloads/markdown-master/src/NSAttributedStringMarkdownParser.h */,
				26A1203E1A2C3C000044F61D /* ../../../../../../Downloads/markdown-master/src/NSAttributedStringMarkdownParser.m */,
			);
			path = Markdown;
			sourceTree = "<group>";
		};
		26AAB724194D11C500AF126B /* Extensions */ = {
			isa = PBXGroup;
			children = (
				26747A251A102B1E00313F04 /* CoreDataExtensions.swift */,
				26747A2C1A102B1E00313F04 /* ParseExtensions.swift */,
				65B129C519C146CE00F5B8C4 /* UIViewControllerExtension.swift */,
				26747A2F1A102B1E00313F04 /* UIImageExtension.swift */,
				26AAB725194D11DC00AF126B /* UIColorExtension.swift */,
				26AAB727194D1C5E00AF126B /* UIFontExtension.swift */,
				26747A4A1A10666D00313F04 /* UIBezierPathExtension.swift */,
				262E75C31A22E420008487C0 /* Async.swift */,
			);
			path = Extensions;
			sourceTree = "<group>";
		};
		737783D2D7DB48B6BA5AADF3 /* Frameworks */ = {
			isa = PBXGroup;
			children = (
				262E75C51A22E844008487C0 /* CoreData.framework */,
				26FBA4701A1DB12A0082FBEC /* Accelerate.framework */,
				26FBA46E1A1DB1240082FBEC /* QuartzCore.framework */,
				26FBA46C1A1DB0D30082FBEC /* StoreKit.framework */,
				26FBA46A1A1DB0CD0082FBEC /* CFNetwork.framework */,
				26FBA4681A1DB0910082FBEC /* AudioToolbox.framework */,
				2684097B1A1975EB005BCF9B /* libPods-MBProgressHUD.a */,
				26BC5DA71A19741300D538AB /* CoreGraphics.framework */,
				26747A431A102C6A00313F04 /* SystemConfiguration.framework */,
				26747A411A102C6400313F04 /* MobileCoreServices.framework */,
				26747A3F1A102C5D00313F04 /* iAd.framework */,
				26747A3D1A102C5700313F04 /* CoreTelephony.framework */,
				26747A3B1A102C5200313F04 /* AdSupport.framework */,
				26747A201A102A6F00313F04 /* MobileAppTracker.framework */,
				26747A1C1A102A5B00313F04 /* Bolts.framework */,
				26747A1D1A102A5B00313F04 /* Parse.framework */,
				637761BCE5174C65922C617F /* libPods.a */,
			);
			name = Frameworks;
			sourceTree = "<group>";
		};
		B3110AE61D9F1F0CF12FC12F /* Pods */ = {
			isa = PBXGroup;
			children = (
				38A963B7FE36A9DE68E92B48 /* Pods.release.xcconfig */,
			);
			path = Pods;
			sourceTree = "<group>";
		};
/* End PBXGroup section */

/* Begin PBXNativeTarget section */
		2631DB78194BFF500025DCF5 /* Barback */ = {
			isa = PBXNativeTarget;
			buildConfigurationList = 2631DB97194BFF500025DCF5 /* Build configuration list for PBXNativeTarget "Barback" */;
			buildPhases = (
				B093440F9F5A4CD092969EDD /* Check Pods Manifest.lock */,
				836C5D98FAB14DA78CA66C4D /* Copy Pods Resources */,
				2631DB75194BFF500025DCF5 /* Sources */,
				2631DB76194BFF500025DCF5 /* Frameworks */,
				2631DB77194BFF500025DCF5 /* Resources */,
			);
			buildRules = (
			);
			dependencies = (
			);
			name = Barback;
			productName = BarbackSwift;
			productReference = 2631DB79194BFF500025DCF5 /* Barback.app */;
			productType = "com.apple.product-type.application";
		};
		2631DB8C194BFF500025DCF5 /* BarbackTests */ = {
			isa = PBXNativeTarget;
			buildConfigurationList = 2631DB9A194BFF500025DCF5 /* Build configuration list for PBXNativeTarget "BarbackTests" */;
			buildPhases = (
				C15463BBC3E8CE7A506CAE96 /* Check Pods Manifest.lock */,
				2631DB89194BFF500025DCF5 /* Sources */,
				2631DB8A194BFF500025DCF5 /* Frameworks */,
				2631DB8B194BFF500025DCF5 /* Resources */,
				2AE8965844B1D1209C1A0B28 /* Copy Pods Resources */,
			);
			buildRules = (
			);
			dependencies = (
			);
			name = BarbackTests;
			productName = BarbackSwiftTests;
			productReference = 2631DB8D194BFF500025DCF5 /* BarbackTests.xctest */;
			productType = "com.apple.product-type.bundle.unit-test";
		};
/* End PBXNativeTarget section */

/* Begin PBXProject section */
		2631DB71194BFF500025DCF5 /* Project object */ = {
			isa = PBXProject;
			attributes = {
				LastUpgradeCheck = 0610;
				ORGANIZATIONNAME = "Justin Duke";
				TargetAttributes = {
					2631DB78194BFF500025DCF5 = {
						CreatedOnToolsVersion = 6.0;
						DevelopmentTeam = 427H7S4STR;
					};
					2631DB8C194BFF500025DCF5 = {
						CreatedOnToolsVersion = 6.0;
						TestTargetID = 2631DB78194BFF500025DCF5;
					};
				};
			};
			buildConfigurationList = 2631DB74194BFF500025DCF5 /* Build configuration list for PBXProject "Barback" */;
			compatibilityVersion = "Xcode 3.2";
			developmentRegion = English;
			hasScannedForEncodings = 0;
			knownRegions = (
				en,
				Base,
			);
			mainGroup = 2631DB70194BFF500025DCF5;
			productRefGroup = 2631DB7A194BFF500025DCF5 /* Products */;
			projectDirPath = "";
			projectRoot = "";
			targets = (
				2631DB78194BFF500025DCF5 /* Barback */,
				2631DB8C194BFF500025DCF5 /* BarbackTests */,
			);
		};
/* End PBXProject section */

/* Begin PBXResourcesBuildPhase section */
		2631DB77194BFF500025DCF5 /* Resources */ = {
			isa = PBXResourcesBuildPhase;
			buildActionMask = 2147483647;
			files = (
				26AAB740195010AC00AF126B /* Images.xcassets in Resources */,
				26F415351A10744300D1F19A /* PrivateKeys.plist in Resources */,
				2631DB86194BFF500025DCF5 /* Main.storyboard in Resources */,
				26747A351A102B1E00313F04 /* LaunchScreen.storyboard in Resources */,
				26DBD6071A2D6FB0006C49F9 /* iPad.storyboard in Resources */,
				26AAB73E194ED3A400AF126B /* Settings.bundle in Resources */,
			);
			runOnlyForDeploymentPostprocessing = 0;
		};
		2631DB8B194BFF500025DCF5 /* Resources */ = {
			isa = PBXResourcesBuildPhase;
			buildActionMask = 2147483647;
			files = (
			);
			runOnlyForDeploymentPostprocessing = 0;
		};
/* End PBXResourcesBuildPhase section */

/* Begin PBXShellScriptBuildPhase section */
		2AE8965844B1D1209C1A0B28 /* Copy Pods Resources */ = {
			isa = PBXShellScriptBuildPhase;
			buildActionMask = 2147483647;
			files = (
			);
			inputPaths = (
			);
			name = "Copy Pods Resources";
			outputPaths = (
			);
			runOnlyForDeploymentPostprocessing = 0;
			shellPath = /bin/sh;
			shellScript = "\"${SRCROOT}/Pods/Target Support Files/Pods/Pods-resources.sh\"\n";
			showEnvVarsInLog = 0;
		};
		836C5D98FAB14DA78CA66C4D /* Copy Pods Resources */ = {
			isa = PBXShellScriptBuildPhase;
			buildActionMask = 2147483647;
			files = (
			);
			inputPaths = (
			);
			name = "Copy Pods Resources";
			outputPaths = (
			);
			runOnlyForDeploymentPostprocessing = 0;
			shellPath = /bin/sh;
			shellScript = "\"${SRCROOT}/Pods/Target Support Files/Pods/Pods-resources.sh\"\n";
			showEnvVarsInLog = 0;
		};
		B093440F9F5A4CD092969EDD /* Check Pods Manifest.lock */ = {
			isa = PBXShellScriptBuildPhase;
			buildActionMask = 2147483647;
			files = (
			);
			inputPaths = (
			);
			name = "Check Pods Manifest.lock";
			outputPaths = (
			);
			runOnlyForDeploymentPostprocessing = 0;
			shellPath = /bin/sh;
			shellScript = "diff \"${PODS_ROOT}/../Podfile.lock\" \"${PODS_ROOT}/Manifest.lock\" > /dev/null\nif [[ $? != 0 ]] ; then\n    cat << EOM\nerror: The sandbox is not in sync with the Podfile.lock. Run 'pod install' or update your CocoaPods installation.\nEOM\n    exit 1\nfi\n";
			showEnvVarsInLog = 0;
		};
		C15463BBC3E8CE7A506CAE96 /* Check Pods Manifest.lock */ = {
			isa = PBXShellScriptBuildPhase;
			buildActionMask = 2147483647;
			files = (
			);
			inputPaths = (
			);
			name = "Check Pods Manifest.lock";
			outputPaths = (
			);
			runOnlyForDeploymentPostprocessing = 0;
			shellPath = /bin/sh;
			shellScript = "diff \"${PODS_ROOT}/../Podfile.lock\" \"${PODS_ROOT}/Manifest.lock\" > /dev/null\nif [[ $? != 0 ]] ; then\n    cat << EOM\nerror: The sandbox is not in sync with the Podfile.lock. Run 'pod install' or update your CocoaPods installation.\nEOM\n    exit 1\nfi\n";
			showEnvVarsInLog = 0;
		};
/* End PBXShellScriptBuildPhase section */

/* Begin PBXSourcesBuildPhase section */
		2631DB75194BFF500025DCF5 /* Sources */ = {
			isa = PBXSourcesBuildPhase;
			buildActionMask = 2147483647;
			files = (
				26747A331A102B1E00313F04 /* CoreDataStore.swift in Sources */,
				26747A361A102B1E00313F04 /* Models.xcdatamodeld in Sources */,
				2641EF301A1C52F00055291E /* HeaderLabel.swift in Sources */,
				26AAB7421953FEA200AF126B /* ShoppingListViewController.swift in Sources */,
				261222F01A28C06000E857AA /* DescriptionTextView.swift in Sources */,
				262E75C41A22E420008487C0 /* Async.swift in Sources */,
				65B129C119C146C500F5B8C4 /* Brand.swift in Sources */,
				265313491A1B2A4300B2A686 /* StyledCell.swift in Sources */,
				26AAB726194D11DC00AF126B /* UIColorExtension.swift in Sources */,
				2641EF2E1A1C500F0055291E /* DescriptionLabel.swift in Sources */,
				26A1203F1A2C3C000044F61D /* ../../../../../../Downloads/markdown-master/src/MarkdownTokenizer.m in Sources */,
				655B44CB19C1434500A1351F /* RecipeListViewController.swift in Sources */,
				65B129C719C146CE00F5B8C4 /* UIViewControllerExtension.swift in Sources */,
				2631DB7F194BFF500025DCF5 /* AppDelegate.swift in Sources */,
				26D07363194C300900AD1492 /* RecipeDetailViewController.swift in Sources */,
				26747A231A102AF400313F04 /* StoredObject.swift in Sources */,
				268BA1821A244A91005CBD10 /* SyncUtilities.swift in Sources */,
				26A120411A2C3C000044F61D /* ../../../../../../Downloads/markdown-master/src/NSAttributedStringMarkdownParser.m in Sources */,
				2631DBAA194C022A0025DCF5 /* SearchRecipeListViewController.swift in Sources */,
				26747A4B1A10666D00313F04 /* UIBezierPathExtension.swift in Sources */,
				265313471A1B274700B2A686 /* RecipeCell.swift in Sources */,
				26A120401A2C3C000044F61D /* ../../../../../../Downloads/markdown-master/src/MarkdownTokens.m in Sources */,
				26A120451A2C3C620044F61D /* fmemopen.c in Sources */,
				26747A311A102B1E00313F04 /* CoreDataExtensions.swift in Sources */,
				26747A321A102B1E00313F04 /* CoreDataHelper.swift in Sources */,
				2641EF341A1C57450055291E /* EmptyStateLabel.swift in Sources */,
				65B129CB19C1470B00F5B8C4 /* IngredientDetailViewController.swift in Sources */,
				2631DBA6194C01C40025DCF5 /* Recipe.swift in Sources */,
				268BA1851A244B75005CBD10 /* PreferencesUtilities.swift in Sources */,
				26AAB728194D1C5E00AF126B /* UIFontExtension.swift in Sources */,
				65B129C219C146C500F5B8C4 /* IngredientBase.swift in Sources */,
				26747A3A1A102B1E00313F04 /* UIImageExtension.swift in Sources */,
				262E75CE1A22F01D008487C0 /* Reachability.m in Sources */,
				65B129C319C146C500F5B8C4 /* IngredientType.swift in Sources */,
				267D02091A1DA63500E7786C /* ScrollView.swift in Sources */,
				2631DBAE194C0EB80025DCF5 /* Ingredient.swift in Sources */,
				26747A471A105EF800313F04 /* BezierButton.swift in Sources */,
				26747A371A102B1E00313F04 /* ParseExtensions.swift in Sources */,
				2631DBAC194C02460025DCF5 /* FavoriteRecipeListViewController.swift in Sources */,
				2631DBA8194C02190025DCF5 /* FullRecipeListViewController.swift in Sources */,
			);
			runOnlyForDeploymentPostprocessing = 0;
		};
		2631DB89194BFF500025DCF5 /* Sources */ = {
			isa = PBXSourcesBuildPhase;
			buildActionMask = 2147483647;
			files = (
				2631DB94194BFF500025DCF5 /* BarbackSwiftTests.swift in Sources */,
			);
			runOnlyForDeploymentPostprocessing = 0;
		};
/* End PBXSourcesBuildPhase section */

/* Begin PBXVariantGroup section */
		2631DB84194BFF500025DCF5 /* Main.storyboard */ = {
			isa = PBXVariantGroup;
			children = (
				2631DB85194BFF500025DCF5 /* Base */,
			);
			name = Main.storyboard;
			sourceTree = "<group>";
		};
/* End PBXVariantGroup section */

/* Begin XCBuildConfiguration section */
		2631DB95194BFF500025DCF5 /* Debug */ = {
			isa = XCBuildConfiguration;
			buildSettings = {
				ALWAYS_SEARCH_USER_PATHS = NO;
				CLANG_CXX_LANGUAGE_STANDARD = "gnu++0x";
				CLANG_CXX_LIBRARY = "libc++";
				CLANG_ENABLE_MODULES = YES;
				CLANG_ENABLE_OBJC_ARC = YES;
				CLANG_WARN_BOOL_CONVERSION = YES;
				CLANG_WARN_CONSTANT_CONVERSION = YES;
				CLANG_WARN_DIRECT_OBJC_ISA_USAGE = YES_ERROR;
				CLANG_WARN_EMPTY_BODY = YES;
				CLANG_WARN_ENUM_CONVERSION = YES;
				CLANG_WARN_INT_CONVERSION = YES;
				CLANG_WARN_OBJC_ROOT_CLASS = YES_ERROR;
				CLANG_WARN_UNREACHABLE_CODE = YES;
				CLANG_WARN__DUPLICATE_METHOD_MATCH = YES;
				"CODE_SIGN_IDENTITY[sdk=iphoneos*]" = "Apple Development IOS Push Services: com.jmduke.Barback";
				COPY_PHASE_STRIP = NO;
				ENABLE_STRICT_OBJC_MSGSEND = YES;
				GCC_C_LANGUAGE_STANDARD = gnu99;
				GCC_DYNAMIC_NO_PIC = NO;
				GCC_OPTIMIZATION_LEVEL = 0;
				GCC_PREPROCESSOR_DEFINITIONS = (
					"DEBUG=1",
					"$(inherited)",
				);
				GCC_SYMBOLS_PRIVATE_EXTERN = NO;
				GCC_WARN_64_TO_32_BIT_CONVERSION = YES;
				GCC_WARN_ABOUT_RETURN_TYPE = YES_ERROR;
				GCC_WARN_UNDECLARED_SELECTOR = YES;
				GCC_WARN_UNINITIALIZED_AUTOS = YES_AGGRESSIVE;
				GCC_WARN_UNUSED_FUNCTION = YES;
				GCC_WARN_UNUSED_VARIABLE = YES;
				IPHONEOS_DEPLOYMENT_TARGET = 8.1;
				METAL_ENABLE_DEBUG_INFO = YES;
				ONLY_ACTIVE_ARCH = YES;
				SDKROOT = iphoneos;
				"SWIFT_OBJC_BRIDGING_HEADER[arch=*]" = "Barback/Barback-Bridging-Header.h";
				SWIFT_OPTIMIZATION_LEVEL = "-Onone";
			};
			name = Debug;
		};
		2631DB96194BFF500025DCF5 /* Release */ = {
			isa = XCBuildConfiguration;
			buildSettings = {
				ALWAYS_SEARCH_USER_PATHS = NO;
				CLANG_CXX_LANGUAGE_STANDARD = "gnu++0x";
				CLANG_CXX_LIBRARY = "libc++";
				CLANG_ENABLE_MODULES = YES;
				CLANG_ENABLE_OBJC_ARC = YES;
				CLANG_WARN_BOOL_CONVERSION = YES;
				CLANG_WARN_CONSTANT_CONVERSION = YES;
				CLANG_WARN_DIRECT_OBJC_ISA_USAGE = YES_ERROR;
				CLANG_WARN_EMPTY_BODY = YES;
				CLANG_WARN_ENUM_CONVERSION = YES;
				CLANG_WARN_INT_CONVERSION = YES;
				CLANG_WARN_OBJC_ROOT_CLASS = YES_ERROR;
				CLANG_WARN_UNREACHABLE_CODE = YES;
				CLANG_WARN__DUPLICATE_METHOD_MATCH = YES;
				"CODE_SIGN_IDENTITY[sdk=iphoneos*]" = "Apple Development IOS Push Services: com.jmduke.Barback";
				COPY_PHASE_STRIP = YES;
				ENABLE_NS_ASSERTIONS = NO;
				ENABLE_STRICT_OBJC_MSGSEND = YES;
				GCC_C_LANGUAGE_STANDARD = gnu99;
				GCC_WARN_64_TO_32_BIT_CONVERSION = YES;
				GCC_WARN_ABOUT_RETURN_TYPE = YES_ERROR;
				GCC_WARN_UNDECLARED_SELECTOR = YES;
				GCC_WARN_UNINITIALIZED_AUTOS = YES_AGGRESSIVE;
				GCC_WARN_UNUSED_FUNCTION = YES;
				GCC_WARN_UNUSED_VARIABLE = YES;
				IPHONEOS_DEPLOYMENT_TARGET = 8.1;
				METAL_ENABLE_DEBUG_INFO = NO;
				SDKROOT = iphoneos;
				SWIFT_OBJC_BRIDGING_HEADER = "BarbackSwift/BarbackSwift-Bridging-Header.h";
				VALIDATE_PRODUCT = YES;
			};
			name = Release;
		};
		2631DB98194BFF500025DCF5 /* Debug */ = {
			isa = XCBuildConfiguration;
			buildSettings = {
				ASSETCATALOG_COMPILER_APPICON_NAME = AppIcon;
				CODE_SIGN_IDENTITY = "iPhone Developer";
				"CODE_SIGN_IDENTITY[sdk=iphoneos*]" = "iPhone Developer";
				FRAMEWORK_SEARCH_PATHS = (
					"$(inherited)",
					"/Users/jmduke/Downloads/parse-library-1.4.2",
					"/Users/jmduke/Downloads/MobileAppTracking-ios",
				);
				HEADER_SEARCH_PATHS = (
					"$(inherited)",
					"\"${PODS_ROOT}/Headers/Public\"",
					"\"${PODS_ROOT}/Headers/Public/Appirater\"",
					"\"${PODS_ROOT}/Headers/Public/MBProgressHUD\"/**",
					"\"${PODS_ROOT}/Headers/Public/RNBlurModalView\"",
					"\"${PODS_ROOT}/Headers/Public/WSCoachMarksView\"",
				);
				INFOPLIST_FILE = "Barback/Supporting Files/Info.plist";
				LD_RUNPATH_SEARCH_PATHS = "$(inherited) @executable_path/Frameworks";
				LIBRARY_SEARCH_PATHS = "$(inherited)";
				OTHER_LDFLAGS = "$(inherited)";
				PODS_ROOT = "${SRCROOT}/Pods";
				PRODUCT_NAME = "$(TARGET_NAME)";
				PROVISIONING_PROFILE = "";
				TARGETED_DEVICE_FAMILY = 2;
			};
			name = Debug;
		};
		2631DB99194BFF500025DCF5 /* Release */ = {
			isa = XCBuildConfiguration;
			buildSettings = {
				ASSETCATALOG_COMPILER_APPICON_NAME = AppIcon;
				CODE_SIGN_IDENTITY = "iPhone Developer";
				"CODE_SIGN_IDENTITY[sdk=iphoneos*]" = "iPhone Developer";
				FRAMEWORK_SEARCH_PATHS = (
					"$(inherited)",
					"/Users/jmduke/Downloads/parse-library-1.4.2",
					"/Users/jmduke/Downloads/MobileAppTracking-ios",
				);
				HEADER_SEARCH_PATHS = (
					"$(inherited)",
					"\"${PODS_ROOT}/Headers/Public\"",
					"\"${PODS_ROOT}/Headers/Public/Appirater\"",
					"\"${PODS_ROOT}/Headers/Public/MBProgressHUD\"/**",
					"\"${PODS_ROOT}/Headers/Public/RNBlurModalView\"",
					"\"${PODS_ROOT}/Headers/Public/WSCoachMarksView\"",
				);
				INFOPLIST_FILE = "Barback/Supporting Files/Info.plist";
				LD_RUNPATH_SEARCH_PATHS = "$(inherited) @executable_path/Frameworks";
				LIBRARY_SEARCH_PATHS = "$(inherited)";
				OTHER_LDFLAGS = "$(inherited)";
				PODS_ROOT = "${SRCROOT}/Pods";
				PRODUCT_NAME = "$(TARGET_NAME)";
				PROVISIONING_PROFILE = "";
				SWIFT_OBJC_BRIDGING_HEADER = "Barback/Barback-Bridging-Header.h";
				TARGETED_DEVICE_FAMILY = 2;
			};
			name = Release;
		};
		2631DB9B194BFF500025DCF5 /* Debug */ = {
			isa = XCBuildConfiguration;
			buildSettings = {
				BUNDLE_LOADER = "$(BUILT_PRODUCTS_DIR)/BarbackSwift.app/BarbackSwift";
				FRAMEWORK_SEARCH_PATHS = (
					"$(SDKROOT)/Developer/Library/Frameworks",
					"$(inherited)",
				);
				GCC_PREPROCESSOR_DEFINITIONS = (
					"DEBUG=1",
					"$(inherited)",
				);
				INFOPLIST_FILE = "BarbackSwiftTests/Supporting Files/Info.plist";
				LD_RUNPATH_SEARCH_PATHS = "$(inherited) @executable_path/Frameworks @loader_path/Frameworks";
				METAL_ENABLE_DEBUG_INFO = YES;
				PRODUCT_NAME = "$(TARGET_NAME)";
				TEST_HOST = "$(BUNDLE_LOADER)";
			};
			name = Debug;
		};
		2631DB9C194BFF500025DCF5 /* Release */ = {
			isa = XCBuildConfiguration;
			baseConfigurationReference = 38A963B7FE36A9DE68E92B48 /* Pods.release.xcconfig */;
			buildSettings = {
				BUNDLE_LOADER = "$(BUILT_PRODUCTS_DIR)/BarbackSwift.app/BarbackSwift";
				FRAMEWORK_SEARCH_PATHS = (
					"$(SDKROOT)/Developer/Library/Frameworks",
					"$(inherited)",
				);
				INFOPLIST_FILE = "BarbackSwiftTests/Supporting Files/Info.plist";
				LD_RUNPATH_SEARCH_PATHS = "$(inherited) @executable_path/Frameworks @loader_path/Frameworks";
				METAL_ENABLE_DEBUG_INFO = NO;
				PRODUCT_NAME = "$(TARGET_NAME)";
				TEST_HOST = "$(BUNDLE_LOADER)";
			};
			name = Release;
		};
/* End XCBuildConfiguration section */

/* Begin XCConfigurationList section */
		2631DB74194BFF500025DCF5 /* Build configuration list for PBXProject "Barback" */ = {
			isa = XCConfigurationList;
			buildConfigurations = (
				2631DB95194BFF500025DCF5 /* Debug */,
				2631DB96194BFF500025DCF5 /* Release */,
			);
			defaultConfigurationIsVisible = 0;
			defaultConfigurationName = Release;
		};
		2631DB97194BFF500025DCF5 /* Build configuration list for PBXNativeTarget "Barback" */ = {
			isa = XCConfigurationList;
			buildConfigurations = (
				2631DB98194BFF500025DCF5 /* Debug */,
				2631DB99194BFF500025DCF5 /* Release */,
			);
			defaultConfigurationIsVisible = 0;
			defaultConfigurationName = Release;
		};
		2631DB9A194BFF500025DCF5 /* Build configuration list for PBXNativeTarget "BarbackTests" */ = {
			isa = XCConfigurationList;
			buildConfigurations = (
				2631DB9B194BFF500025DCF5 /* Debug */,
				2631DB9C194BFF500025DCF5 /* Release */,
			);
			defaultConfigurationIsVisible = 0;
			defaultConfigurationName = Release;
		};
/* End XCConfigurationList section */

/* Begin XCVersionGroup section */
		26747A2A1A102B1E00313F04 /* Models.xcdatamodeld */ = {
			isa = XCVersionGroup;
			children = (
				2623FBA71A293C8B0023E862 /* v2.3.xcdatamodel */,
				26747A2B1A102B1E00313F04 /* Models.xcdatamodel */,
				2623FBA91A2941640023E862 /* v2.2.xcdatamodel */,
				2623FBA81A293CA60023E862 /* v2.4.xcdatamodel */,
			);
			currentVersion = 2623FBA81A293CA60023E862 /* v2.4.xcdatamodel */;
			path = Models.xcdatamodeld;
			sourceTree = "<group>";
			versionGroupType = wrapper.xcdatamodel;
		};
/* End XCVersionGroup section */
	};
	rootObject = 2631DB71194BFF500025DCF5 /* Project object */;
}
